
Microsoft Visual Studio Solution File, Format Version 12.00
# Visual Studio Version 17
VisualStudioVersion = 17.9.34723.18
MinimumVisualStudioVersion = 10.0.40219.1
Project("{FAE04EC0-301F-11D3-BF4B-00C04F79EFBC}") = "DanceStudioFinder", "DanceStudioFinder\DanceStudioFinder.csproj", "{239D51C6-4C3B-4E22-986C-6D8DB97BC3B4}"
EndProject
Global
	GlobalSection(SolutionConfigurationPlatforms) = preSolution
		Debug|Any CPU = Debug|Any CPU
		Release|Any CPU = Release|Any CPU
	EndGlobalSection
	GlobalSection(ProjectConfigurationPlatforms) = postSolution
		{239D51C6-4C3B-4E22-986C-6D8DB97BC3B4}.Debug|Any CPU.ActiveCfg = Debug|Any CPU
		{239D51C6-4C3B-4E22-986C-6D8DB97BC3B4}.Debug|Any CPU.Build.0 = Debug|Any CPU
		{239D51C6-4C3B-4E22-986C-6D8DB97BC3B4}.Release|Any CPU.ActiveCfg = Release|Any CPU
		{239D51C6-4C3B-4E22-986C-6D8DB97BC3B4}.Release|Any CPU.Build.0 = Release|Any CPU
	EndGlobalSection
	GlobalSection(SolutionProperties) = preSolution
		HideSolutionNode = FALSE
	EndGlobalSection
	GlobalSection(ExtensibilityGlobals) = postSolution
		SolutionGuid = {2F61785E-3CC0-4185-B4B8-C013431AFB6B}
	EndGlobalSection
EndGlobal
